
Microsoft Visual Studio Solution File, Format Version 12.00
# Visual Studio Version 17
VisualStudioVersion = 17.3.32825.248
MinimumVisualStudioVersion = 10.0.40219.1
Project("{9A19103F-16F7-4668-BE54-9A1E7A4F7556}") = "ShopZone.Api", "ShopZone.Api.csproj", "{BB4EFCEC-AD97-47E5-B0D0-C1AB18923B2B}"
EndProject
Global
	GlobalSection(SolutionConfigurationPlatforms) = preSolution
		Debug|Any CPU = Debug|Any CPU
		Release|Any CPU = Release|Any CPU
	EndGlobalSection
	GlobalSection(ProjectConfigurationPlatforms) = postSolution
		{BB4EFCEC-AD97-47E5-B0D0-C1AB18923B2B}.Debug|Any CPU.ActiveCfg = Debug|Any CPU
		{BB4EFCEC-AD97-47E5-B0D0-C1AB18923B2B}.Debug|Any CPU.Build.0 = Debug|Any CPU
		{BB4EFCEC-AD97-47E5-B0D0-C1AB18923B2B}.Release|Any CPU.ActiveCfg = Release|Any CPU
		{BB4EFCEC-AD97-47E5-B0D0-C1AB18923B2B}.Release|Any CPU.Build.0 = Release|Any CPU
	EndGlobalSection
	GlobalSection(SolutionProperties) = preSolution
		HideSolutionNode = FALSE
	EndGlobalSection
	GlobalSection(ExtensibilityGlobals) = postSolution
		SolutionGuid = {7CF367BA-7BE6-4D22-9CCC-3FAAD1FE50CE}
	EndGlobalSection
EndGlobal
